
Microsoft Visual Studio Solution File, Format Version 12.00
# Visual Studio 15
VisualStudioVersion = 15.0.28010.2016
MinimumVisualStudioVersion = 10.0.40219.1
Project("{E24C65DC-7377-472B-9ABA-BC803B73C61A}") = "Lecture1Exercise", "Lecture1Exercise\", "{95A00E81-3826-450D-8482-F1541BA5CCE1}"
	ProjectSection(WebsiteProperties) = preProject
		TargetFrameworkMoniker = ".NETFramework,Version%3Dv4.6.1"
		Debug.AspNetCompiler.VirtualPath = "/localhost_51563"
		Debug.AspNetCompiler.PhysicalPath = "Lecture1Exercise\"
		Debug.AspNetCompiler.TargetPath = "PrecompiledWeb\localhost_51563\"
		Debug.AspNetCompiler.Updateable = "true"
		Debug.AspNetCompiler.ForceOverwrite = "true"
		Debug.AspNetCompiler.FixedNames = "false"
		Debug.AspNetCompiler.Debug = "True"
		Release.AspNetCompiler.VirtualPath = "/localhost_51563"
		Release.AspNetCompiler.PhysicalPath = "Lecture1Exercise\"
		Release.AspNetCompiler.TargetPath = "PrecompiledWeb\localhost_51563\"
		Release.AspNetCompiler.Updateable = "true"
		Release.AspNetCompiler.ForceOverwrite = "true"
		Release.AspNetCompiler.FixedNames = "false"
		Release.AspNetCompiler.Debug = "False"
		VWDPort = "51563"
		SlnRelativePath = "Lecture1Exercise\"
		DefaultWebSiteLanguage = "Visual C#"
	EndProjectSection
EndProject
Global
	GlobalSection(SolutionConfigurationPlatforms) = preSolution
		Debug|Any CPU = Debug|Any CPU
	EndGlobalSection
	GlobalSection(ProjectConfigurationPlatforms) = postSolution
		{95A00E81-3826-450D-8482-F1541BA5CCE1}.Debug|Any CPU.ActiveCfg = Debug|Any CPU
		{95A00E81-3826-450D-8482-F1541BA5CCE1}.Debug|Any CPU.Build.0 = Debug|Any CPU
	EndGlobalSection
	GlobalSection(SolutionProperties) = preSolution
		HideSolutionNode = FALSE
	EndGlobalSection
	GlobalSection(ExtensibilityGlobals) = postSolution
		SolutionGuid = {8E93A898-BB6F-4B72-81E2-DE18778F7365}
	EndGlobalSection
EndGlobal
